// !$*UTF8*$!
{
	archiveVersion = 1;
	classes = {
	};
	objectVersion = 50;
	objects = {

/* Begin PBXBuildFile section */
		AC008DE522EA53CE0071AD20 /* AddDeleteButton.swift in Sources */ = {isa = PBXBuildFile; fileRef = AC008DE422EA53CE0071AD20 /* AddDeleteButton.swift */; };
		AC1E5DCA22B8CC4A00B7E09D /* AppDelegate.swift in Sources */ = {isa = PBXBuildFile; fileRef = AC1E5DC922B8CC4A00B7E09D /* AppDelegate.swift */; };
		AC1E5DD122B8CC4B00B7E09D /* Assets.xcassets in Resources */ = {isa = PBXBuildFile; fileRef = AC1E5DD022B8CC4B00B7E09D /* Assets.xcassets */; };
		AC1E5DD422B8CC4B00B7E09D /* LaunchScreen.storyboard in Resources */ = {isa = PBXBuildFile; fileRef = AC1E5DD222B8CC4B00B7E09D /* LaunchScreen.storyboard */; };
		AC1E5DF922B8CCEE00B7E09D /* WaveGradientView.swift in Sources */ = {isa = PBXBuildFile; fileRef = AC1E5DDD22B8CCEE00B7E09D /* WaveGradientView.swift */; };
		AC1E5DFA22B8CCEE00B7E09D /* ButtonGradient.swift in Sources */ = {isa = PBXBuildFile; fileRef = AC1E5DDE22B8CCEE00B7E09D /* ButtonGradient.swift */; };
		AC1E5DFB22B8CCEE00B7E09D /* RegistrationCodeVC.swift in Sources */ = {isa = PBXBuildFile; fileRef = AC1E5DE022B8CCEE00B7E09D /* RegistrationCodeVC.swift */; };
		AC1E5DFC22B8CCEE00B7E09D /* RegistrationCodeVCTFDelegate.swift in Sources */ = {isa = PBXBuildFile; fileRef = AC1E5DE122B8CCEE00B7E09D /* RegistrationCodeVCTFDelegate.swift */; };
		AC1E5DFD22B8CCEE00B7E09D /* EnterCodeVC.swift in Sources */ = {isa = PBXBuildFile; fileRef = AC1E5DE322B8CCEE00B7E09D /* EnterCodeVC.swift */; };
		AC1E5DFE22B8CCEE00B7E09D /* ForgotPasswordService.swift in Sources */ = {isa = PBXBuildFile; fileRef = AC1E5DE422B8CCEE00B7E09D /* ForgotPasswordService.swift */; };
		AC1E5DFF22B8CCEE00B7E09D /* EnterCodeTFDelegate.swift in Sources */ = {isa = PBXBuildFile; fileRef = AC1E5DE522B8CCEE00B7E09D /* EnterCodeTFDelegate.swift */; };
		AC1E5E0022B8CCEE00B7E09D /* RegistrationView.swift in Sources */ = {isa = PBXBuildFile; fileRef = AC1E5DE722B8CCEE00B7E09D /* RegistrationView.swift */; };
		AC1E5E0122B8CCEE00B7E09D /* RegistrationTFDelegate.swift in Sources */ = {isa = PBXBuildFile; fileRef = AC1E5DE822B8CCEE00B7E09D /* RegistrationTFDelegate.swift */; };
		AC1E5E0222B8CCEE00B7E09D /* EnterView.swift in Sources */ = {isa = PBXBuildFile; fileRef = AC1E5DEA22B8CCEE00B7E09D /* EnterView.swift */; };
		AC1E5E0322B8CCEE00B7E09D /* NotificationNames.swift in Sources */ = {isa = PBXBuildFile; fileRef = AC1E5DEB22B8CCEE00B7E09D /* NotificationNames.swift */; };
		AC1E5E0422B8CCEE00B7E09D /* ViewUnderTextFields.swift in Sources */ = {isa = PBXBuildFile; fileRef = AC1E5DEC22B8CCEE00B7E09D /* ViewUnderTextFields.swift */; };
		AC1E5E0522B8CCEE00B7E09D /* OpeningChatVC.swift in Sources */ = {isa = PBXBuildFile; fileRef = AC1E5DED22B8CCEE00B7E09D /* OpeningChatVC.swift */; };
		AC1E5E0622B8CCEE00B7E09D /* MainTabBarController.swift in Sources */ = {isa = PBXBuildFile; fileRef = AC1E5DEE22B8CCEE00B7E09D /* MainTabBarController.swift */; };
		AC1E5E0722B8CCEE00B7E09D /* Gradient.swift in Sources */ = {isa = PBXBuildFile; fileRef = AC1E5DEF22B8CCEE00B7E09D /* Gradient.swift */; };
		AC1E5E0822B8CCEE00B7E09D /* ApiInfo.swift in Sources */ = {isa = PBXBuildFile; fileRef = AC1E5DF122B8CCEE00B7E09D /* ApiInfo.swift */; };
		AC1E5E0922B8CCEE00B7E09D /* EnterService.swift in Sources */ = {isa = PBXBuildFile; fileRef = AC1E5DF222B8CCEE00B7E09D /* EnterService.swift */; };
		AC1E5E0A22B8CCEE00B7E09D /* Colors.swift in Sources */ = {isa = PBXBuildFile; fileRef = AC1E5DF322B8CCEE00B7E09D /* Colors.swift */; };
		AC1E5E0B22B8CCEE00B7E09D /* NotificationManager.swift in Sources */ = {isa = PBXBuildFile; fileRef = AC1E5DF522B8CCEE00B7E09D /* NotificationManager.swift */; };
		AC1E5E0C22B8CCEE00B7E09D /* RegistrationService.swift in Sources */ = {isa = PBXBuildFile; fileRef = AC1E5DF722B8CCEE00B7E09D /* RegistrationService.swift */; };
		AC1E5E0D22B8CCEE00B7E09D /* TokenService.swift in Sources */ = {isa = PBXBuildFile; fileRef = AC1E5DF822B8CCEE00B7E09D /* TokenService.swift */; };
		AC1E5E1022B8CD1600B7E09D /* Registration+Enter.storyboard in Resources */ = {isa = PBXBuildFile; fileRef = AC1E5E0F22B8CD1600B7E09D /* Registration+Enter.storyboard */; };
		AC1E5E1622B8CF3F00B7E09D /* EnterTFDelegate.swift in Sources */ = {isa = PBXBuildFile; fileRef = AC1E5E1522B8CF3F00B7E09D /* EnterTFDelegate.swift */; };
		AC1E5E1922B8D01800B7E09D /* SimpleGradientView.swift in Sources */ = {isa = PBXBuildFile; fileRef = AC1E5E1822B8D01800B7E09D /* SimpleGradientView.swift */; };
		AC1E5E1D22B8D2B000B7E09D /* Patients.storyboard in Resources */ = {isa = PBXBuildFile; fileRef = AC1E5E1C22B8D2B000B7E09D /* Patients.storyboard */; };
		AC1E5E2222B8D5D600B7E09D /* PatientsVC.swift in Sources */ = {isa = PBXBuildFile; fileRef = AC1E5E2122B8D5D600B7E09D /* PatientsVC.swift */; };
		AC1E5E2422B8D64400B7E09D /* GradientNavigationBar.swift in Sources */ = {isa = PBXBuildFile; fileRef = AC1E5E2322B8D64400B7E09D /* GradientNavigationBar.swift */; };
		AC1E5E2722B8D69200B7E09D /* GradientLayerExtension.swift in Sources */ = {isa = PBXBuildFile; fileRef = AC1E5E2622B8D69200B7E09D /* GradientLayerExtension.swift */; };
		AC1E5E3222B8D77C00B7E09D /* SF-Compact-Rounded-Medium.otf in Resources */ = {isa = PBXBuildFile; fileRef = AC1E5E2922B8D77C00B7E09D /* SF-Compact-Rounded-Medium.otf */; };
		AC1E5E3322B8D77C00B7E09D /* SF-Compact-Rounded-Heavy.otf in Resources */ = {isa = PBXBuildFile; fileRef = AC1E5E2A22B8D77C00B7E09D /* SF-Compact-Rounded-Heavy.otf */; };
		AC1E5E3422B8D77C00B7E09D /* SF-Compact-Rounded-Light.otf in Resources */ = {isa = PBXBuildFile; fileRef = AC1E5E2B22B8D77C00B7E09D /* SF-Compact-Rounded-Light.otf */; };
		AC1E5E3522B8D77C00B7E09D /* SF-Compact-Rounded-Regular.otf in Resources */ = {isa = PBXBuildFile; fileRef = AC1E5E2C22B8D77C00B7E09D /* SF-Compact-Rounded-Regular.otf */; };
		AC1E5E3622B8D77C00B7E09D /* SF-Compact-Rounded-Ultralight.otf in Resources */ = {isa = PBXBuildFile; fileRef = AC1E5E2D22B8D77C00B7E09D /* SF-Compact-Rounded-Ultralight.otf */; };
		AC1E5E3722B8D77C00B7E09D /* SF-Compact-Rounded-Semibold.otf in Resources */ = {isa = PBXBuildFile; fileRef = AC1E5E2E22B8D77C00B7E09D /* SF-Compact-Rounded-Semibold.otf */; };
		AC1E5E3822B8D77C00B7E09D /* SF-Compact-Rounded-Black.otf in Resources */ = {isa = PBXBuildFile; fileRef = AC1E5E2F22B8D77C00B7E09D /* SF-Compact-Rounded-Black.otf */; };
		AC1E5E3922B8D77C00B7E09D /* SF-Compact-Rounded-Bold.otf in Resources */ = {isa = PBXBuildFile; fileRef = AC1E5E3022B8D77C00B7E09D /* SF-Compact-Rounded-Bold.otf */; };
		AC1E5E3A22B8D77C00B7E09D /* SF-Compact-Rounded-Thin.otf in Resources */ = {isa = PBXBuildFile; fileRef = AC1E5E3122B8D77C00B7E09D /* SF-Compact-Rounded-Thin.otf */; };
		AC1E5E3C22B8DC9E00B7E09D /* PatientsTableview.swift in Sources */ = {isa = PBXBuildFile; fileRef = AC1E5E3B22B8DC9E00B7E09D /* PatientsTableview.swift */; };
		AC1E5E3F22B8DD0D00B7E09D /* PatientItem.swift in Sources */ = {isa = PBXBuildFile; fileRef = AC1E5E3E22B8DD0D00B7E09D /* PatientItem.swift */; };
		AC1E5E4122B8DDDA00B7E09D /* PatientItemCell.swift in Sources */ = {isa = PBXBuildFile; fileRef = AC1E5E4022B8DDDA00B7E09D /* PatientItemCell.swift */; };
		AC626D4C22BCDD47003ED8BD /* Profile.storyboard in Resources */ = {isa = PBXBuildFile; fileRef = AC626D4B22BCDD47003ED8BD /* Profile.storyboard */; };
		AC626D4F22BCDD85003ED8BD /* ProfileVC.swift in Sources */ = {isa = PBXBuildFile; fileRef = AC626D4E22BCDD85003ED8BD /* ProfileVC.swift */; };
		AC626D5122BCDDC2003ED8BD /* ProfileHeaderView.swift in Sources */ = {isa = PBXBuildFile; fileRef = AC626D5022BCDDC2003ED8BD /* ProfileHeaderView.swift */; };
		AC626D5622BCDE8C003ED8BD /* ImageViewExtension.swift in Sources */ = {isa = PBXBuildFile; fileRef = AC626D5522BCDE8C003ED8BD /* ImageViewExtension.swift */; };
		AC76EEF222D24E6900027FE6 /* Excercises.storyboard in Resources */ = {isa = PBXBuildFile; fileRef = AC76EEF022D24E6800027FE6 /* Excercises.storyboard */; };
		AC76EEF322D24E6900027FE6 /* DiagnosticResults.storyboard in Resources */ = {isa = PBXBuildFile; fileRef = AC76EEF122D24E6900027FE6 /* DiagnosticResults.storyboard */; };
		AC76EF0D22D24E7900027FE6 /* GetExercisesService.swift in Sources */ = {isa = PBXBuildFile; fileRef = AC76EEF822D24E7800027FE6 /* GetExercisesService.swift */; };
		AC76EF0E22D24E7900027FE6 /* Exercise.swift in Sources */ = {isa = PBXBuildFile; fileRef = AC76EEFA22D24E7800027FE6 /* Exercise.swift */; };
		AC76EF0F22D24E7900027FE6 /* ExcercisesVC.swift in Sources */ = {isa = PBXBuildFile; fileRef = AC76EEFC22D24E7800027FE6 /* ExcercisesVC.swift */; };
		AC76EF1022D24E7900027FE6 /* ExcercisesTableVIew.swift in Sources */ = {isa = PBXBuildFile; fileRef = AC76EEFD22D24E7800027FE6 /* ExcercisesTableVIew.swift */; };
		AC76EF1122D24E7900027FE6 /* ExercisesCell.swift in Sources */ = {isa = PBXBuildFile; fileRef = AC76EEFE22D24E7800027FE6 /* ExercisesCell.swift */; };
		AC76EF1222D24E7900027FE6 /* ViewPlay.swift in Sources */ = {isa = PBXBuildFile; fileRef = AC76EF0022D24E7800027FE6 /* ViewPlay.swift */; };
		AC76EF1322D24E7900027FE6 /* DiagnosticResultsCell.swift in Sources */ = {isa = PBXBuildFile; fileRef = AC76EF0322D24E7800027FE6 /* DiagnosticResultsCell.swift */; };
		AC76EF1422D24E7900027FE6 /* DiagnosticResultsTableView.swift in Sources */ = {isa = PBXBuildFile; fileRef = AC76EF0422D24E7800027FE6 /* DiagnosticResultsTableView.swift */; };
		AC76EF1522D24E7900027FE6 /* DiagnosticResultsVC.swift in Sources */ = {isa = PBXBuildFile; fileRef = AC76EF0522D24E7800027FE6 /* DiagnosticResultsVC.swift */; };
		AC76EF1622D24E7900027FE6 /* DiagnosticConclusionCell.swift in Sources */ = {isa = PBXBuildFile; fileRef = AC76EF0622D24E7800027FE6 /* DiagnosticConclusionCell.swift */; };
		AC76EF1722D24E7900027FE6 /* ViewGradientHeader.swift in Sources */ = {isa = PBXBuildFile; fileRef = AC76EF0822D24E7800027FE6 /* ViewGradientHeader.swift */; };
		AC76EF1822D24E7900027FE6 /* DiagnosticInfo.swift in Sources */ = {isa = PBXBuildFile; fileRef = AC76EF0A22D24E7800027FE6 /* DiagnosticInfo.swift */; };
		AC76EF1922D24E7900027FE6 /* DiagnosticService.swift in Sources */ = {isa = PBXBuildFile; fileRef = AC76EF0B22D24E7800027FE6 /* DiagnosticService.swift */; };
		AC76EF1E22D251EA00027FE6 /* BackboneVC.swift in Sources */ = {isa = PBXBuildFile; fileRef = AC76EF1B22D251EA00027FE6 /* BackboneVC.swift */; };
		AC76EF1F22D251EA00027FE6 /* DiagnosticItemVC.swift in Sources */ = {isa = PBXBuildFile; fileRef = AC76EF1D22D251EA00027FE6 /* DiagnosticItemVC.swift */; };
		ACE547B622C0D1D6009BD2FB /* PatientsListService.swift in Sources */ = {isa = PBXBuildFile; fileRef = ACE547B522C0D1D6009BD2FB /* PatientsListService.swift */; };
		ACE547E022C0DA16009BD2FB /* ChatImageVC.swift in Sources */ = {isa = PBXBuildFile; fileRef = ACE547DF22C0DA16009BD2FB /* ChatImageVC.swift */; };
		ACE547FB22C108FC009BD2FB /* MessageHistoryService.swift in Sources */ = {isa = PBXBuildFile; fileRef = ACE547E822C108FB009BD2FB /* MessageHistoryService.swift */; };
		ACE547FC22C108FC009BD2FB /* ChatService.swift in Sources */ = {isa = PBXBuildFile; fileRef = ACE547E922C108FB009BD2FB /* ChatService.swift */; };
		ACE547FD22C108FC009BD2FB /* Message.swift in Sources */ = {isa = PBXBuildFile; fileRef = ACE547EB22C108FB009BD2FB /* Message.swift */; };
		ACE547FE22C108FC009BD2FB /* Sender.swift in Sources */ = {isa = PBXBuildFile; fileRef = ACE547EC22C108FB009BD2FB /* Sender.swift */; };
		ACE547FF22C108FC009BD2FB /* MessageContentType.swift in Sources */ = {isa = PBXBuildFile; fileRef = ACE547ED22C108FB009BD2FB /* MessageContentType.swift */; };
		ACE5480022C108FC009BD2FB /* ChatTableviewDelegate.swift in Sources */ = {isa = PBXBuildFile; fileRef = ACE547EF22C108FB009BD2FB /* ChatTableviewDelegate.swift */; };
		ACE5480122C108FC009BD2FB /* ChatVC.swift in Sources */ = {isa = PBXBuildFile; fileRef = ACE547F022C108FB009BD2FB /* ChatVC.swift */; };
		ACE5480222C108FC009BD2FB /* ChatTFDelegate.swift in Sources */ = {isa = PBXBuildFile; fileRef = ACE547F122C108FB009BD2FB /* ChatTFDelegate.swift */; };
		ACE5480322C108FC009BD2FB /* PenPalMessageCell.swift in Sources */ = {isa = PBXBuildFile; fileRef = ACE547F322C108FB009BD2FB /* PenPalMessageCell.swift */; };
		ACE5480422C108FC009BD2FB /* PenPalImageCell.swift in Sources */ = {isa = PBXBuildFile; fileRef = ACE547F422C108FB009BD2FB /* PenPalImageCell.swift */; };
		ACE5480522C108FC009BD2FB /* UserImageCell.swift in Sources */ = {isa = PBXBuildFile; fileRef = ACE547F522C108FB009BD2FB /* UserImageCell.swift */; };
		ACE5480622C108FC009BD2FB /* UserMessageCell.swift in Sources */ = {isa = PBXBuildFile; fileRef = ACE547F622C108FB009BD2FB /* UserMessageCell.swift */; };
		ACE5480722C108FC009BD2FB /* MessageLabel.swift in Sources */ = {isa = PBXBuildFile; fileRef = ACE547F822C108FB009BD2FB /* MessageLabel.swift */; };
		ACE5480822C108FC009BD2FB /* ChatHeaderVIew.swift in Sources */ = {isa = PBXBuildFile; fileRef = ACE547F922C108FB009BD2FB /* ChatHeaderVIew.swift */; };
		ACE5480B22C10903009BD2FB /* Chat.storyboard in Resources */ = {isa = PBXBuildFile; fileRef = ACE5480A22C10903009BD2FB /* Chat.storyboard */; };
		FF5F0671B3ECF11323AFFC83 /* Pods_MedicTerapevtNew.framework in Frameworks */ = {isa = PBXBuildFile; fileRef = DF80982D75C5D0059769F261 /* Pods_MedicTerapevtNew.framework */; };
/* End PBXBuildFile section */

/* Begin PBXFileReference section */
		612CAD70381534D3AB4DE93A /* Pods-MedicTerapevtNew.release.xcconfig */ = {isa = PBXFileReference; includeInIndex = 1; lastKnownFileType = text.xcconfig; name = "Pods-MedicTerapevtNew.release.xcconfig"; path = "Target Support Files/Pods-MedicTerapevtNew/Pods-MedicTerapevtNew.release.xcconfig"; sourceTree = "<group>"; };
		8999227EB26D818EFE3C03B0 /* Pods-MedicTerapevtNew.debug.xcconfig */ = {isa = PBXFileReference; includeInIndex = 1; lastKnownFileType = text.xcconfig; name = "Pods-MedicTerapevtNew.debug.xcconfig"; path = "Target Support Files/Pods-MedicTerapevtNew/Pods-MedicTerapevtNew.debug.xcconfig"; sourceTree = "<group>"; };
		AC008DE422EA53CE0071AD20 /* AddDeleteButton.swift */ = {isa = PBXFileReference; lastKnownFileType = sourcecode.swift; path = AddDeleteButton.swift; sourceTree = "<group>"; };
		AC1E5DC622B8CC4A00B7E09D /* MedicTerapevtNew.app */ = {isa = PBXFileReference; explicitFileType = wrapper.application; includeInIndex = 0; path = MedicTerapevtNew.app; sourceTree = BUILT_PRODUCTS_DIR; };
		AC1E5DC922B8CC4A00B7E09D /* AppDelegate.swift */ = {isa = PBXFileReference; lastKnownFileType = sourcecode.swift; path = AppDelegate.swift; sourceTree = "<group>"; };
		AC1E5DD022B8CC4B00B7E09D /* Assets.xcassets */ = {isa = PBXFileReference; lastKnownFileType = folder.assetcatalog; path = Assets.xcassets; sourceTree = "<group>"; };
		AC1E5DD322B8CC4B00B7E09D /* Base */ = {isa = PBXFileReference; lastKnownFileType = file.storyboard; name = Base; path = Base.lproj/LaunchScreen.storyboard; sourceTree = "<group>"; };
		AC1E5DD522B8CC4B00B7E09D /* Info.plist */ = {isa = PBXFileReference; lastKnownFileType = text.plist.xml; path = Info.plist; sourceTree = "<group>"; };
		AC1E5DDD22B8CCEE00B7E09D /* WaveGradientView.swift */ = {isa = PBXFileReference; fileEncoding = 4; lastKnownFileType = sourcecode.swift; path = WaveGradientView.swift; sourceTree = "<group>"; };
		AC1E5DDE22B8CCEE00B7E09D /* ButtonGradient.swift */ = {isa = PBXFileReference; fileEncoding = 4; lastKnownFileType = sourcecode.swift; path = ButtonGradient.swift; sourceTree = "<group>"; };
		AC1E5DE022B8CCEE00B7E09D /* RegistrationCodeVC.swift */ = {isa = PBXFileReference; fileEncoding = 4; lastKnownFileType = sourcecode.swift; path = RegistrationCodeVC.swift; sourceTree = "<group>"; };
		AC1E5DE122B8CCEE00B7E09D /* RegistrationCodeVCTFDelegate.swift */ = {isa = PBXFileReference; fileEncoding = 4; lastKnownFileType = sourcecode.swift; path = RegistrationCodeVCTFDelegate.swift; sourceTree = "<group>"; };
		AC1E5DE322B8CCEE00B7E09D /* EnterCodeVC.swift */ = {isa = PBXFileReference; fileEncoding = 4; lastKnownFileType = sourcecode.swift; path = EnterCodeVC.swift; sourceTree = "<group>"; };
		AC1E5DE422B8CCEE00B7E09D /* ForgotPasswordService.swift */ = {isa = PBXFileReference; fileEncoding = 4; lastKnownFileType = sourcecode.swift; path = ForgotPasswordService.swift; sourceTree = "<group>"; };
		AC1E5DE522B8CCEE00B7E09D /* EnterCodeTFDelegate.swift */ = {isa = PBXFileReference; fileEncoding = 4; lastKnownFileType = sourcecode.swift; path = EnterCodeTFDelegate.swift; sourceTree = "<group>"; };
		AC1E5DE722B8CCEE00B7E09D /* RegistrationView.swift */ = {isa = PBXFileReference; fileEncoding = 4; lastKnownFileType = sourcecode.swift; path = RegistrationView.swift; sourceTree = "<group>"; };
		AC1E5DE822B8CCEE00B7E09D /* RegistrationTFDelegate.swift */ = {isa = PBXFileReference; fileEncoding = 4; lastKnownFileType = sourcecode.swift; path = RegistrationTFDelegate.swift; sourceTree = "<group>"; };
		AC1E5DEA22B8CCEE00B7E09D /* EnterView.swift */ = {isa = PBXFileReference; fileEncoding = 4; lastKnownFileType = sourcecode.swift; path = EnterView.swift; sourceTree = "<group>"; };
		AC1E5DEB22B8CCEE00B7E09D /* NotificationNames.swift */ = {isa = PBXFileReference; fileEncoding = 4; lastKnownFileType = sourcecode.swift; path = NotificationNames.swift; sourceTree = "<group>"; };
		AC1E5DEC22B8CCEE00B7E09D /* ViewUnderTextFields.swift */ = {isa = PBXFileReference; fileEncoding = 4; lastKnownFileType = sourcecode.swift; path = ViewUnderTextFields.swift; sourceTree = "<group>"; };
		AC1E5DED22B8CCEE00B7E09D /* OpeningChatVC.swift */ = {isa = PBXFileReference; fileEncoding = 4; lastKnownFileType = sourcecode.swift; path = OpeningChatVC.swift; sourceTree = "<group>"; };
		AC1E5DEE22B8CCEE00B7E09D /* MainTabBarController.swift */ = {isa = PBXFileReference; fileEncoding = 4; lastKnownFileType = sourcecode.swift; path = MainTabBarController.swift; sourceTree = "<group>"; };
		AC1E5DEF22B8CCEE00B7E09D /* Gradient.swift */ = {isa = PBXFileReference; fileEncoding = 4; lastKnownFileType = sourcecode.swift; path = Gradient.swift; sourceTree = "<group>"; };
		AC1E5DF122B8CCEE00B7E09D /* ApiInfo.swift */ = {isa = PBXFileReference; fileEncoding = 4; lastKnownFileType = sourcecode.swift; path = ApiInfo.swift; sourceTree = "<group>"; };
		AC1E5DF222B8CCEE00B7E09D /* EnterService.swift */ = {isa = PBXFileReference; fileEncoding = 4; lastKnownFileType = sourcecode.swift; path = EnterService.swift; sourceTree = "<group>"; };
		AC1E5DF322B8CCEE00B7E09D /* Colors.swift */ = {isa = PBXFileReference; fileEncoding = 4; lastKnownFileType = sourcecode.swift; path = Colors.swift; sourceTree = "<group>"; };
		AC1E5DF522B8CCEE00B7E09D /* NotificationManager.swift */ = {isa = PBXFileReference; fileEncoding = 4; lastKnownFileType = sourcecode.swift; path = NotificationManager.swift; sourceTree = "<group>"; };
		AC1E5DF722B8CCEE00B7E09D /* RegistrationService.swift */ = {isa = PBXFileReference; fileEncoding = 4; lastKnownFileType = sourcecode.swift; path = RegistrationService.swift; sourceTree = "<group>"; };
		AC1E5DF822B8CCEE00B7E09D /* TokenService.swift */ = {isa = PBXFileReference; fileEncoding = 4; lastKnownFileType = sourcecode.swift; path = TokenService.swift; sourceTree = "<group>"; };
		AC1E5E0F22B8CD1600B7E09D /* Registration+Enter.storyboard */ = {isa = PBXFileReference; fileEncoding = 4; lastKnownFileType = file.storyboard; path = "Registration+Enter.storyboard"; sourceTree = "<group>"; };
		AC1E5E1522B8CF3F00B7E09D /* EnterTFDelegate.swift */ = {isa = PBXFileReference; fileEncoding = 4; lastKnownFileType = sourcecode.swift; path = EnterTFDelegate.swift; sourceTree = "<group>"; };
		AC1E5E1822B8D01800B7E09D /* SimpleGradientView.swift */ = {isa = PBXFileReference; fileEncoding = 4; lastKnownFileType = sourcecode.swift; path = SimpleGradientView.swift; sourceTree = "<group>"; };
		AC1E5E1C22B8D2B000B7E09D /* Patients.storyboard */ = {isa = PBXFileReference; lastKnownFileType = file.storyboard; path = Patients.storyboard; sourceTree = "<group>"; };
		AC1E5E2122B8D5D600B7E09D /* PatientsVC.swift */ = {isa = PBXFileReference; lastKnownFileType = sourcecode.swift; path = PatientsVC.swift; sourceTree = "<group>"; };
		AC1E5E2322B8D64400B7E09D /* GradientNavigationBar.swift */ = {isa = PBXFileReference; lastKnownFileType = sourcecode.swift; path = GradientNavigationBar.swift; sourceTree = "<group>"; };
		AC1E5E2622B8D69200B7E09D /* GradientLayerExtension.swift */ = {isa = PBXFileReference; lastKnownFileType = sourcecode.swift; path = GradientLayerExtension.swift; sourceTree = "<group>"; };
		AC1E5E2922B8D77C00B7E09D /* SF-Compact-Rounded-Medium.otf */ = {isa = PBXFileReference; lastKnownFileType = file; path = "SF-Compact-Rounded-Medium.otf"; sourceTree = "<group>"; };
		AC1E5E2A22B8D77C00B7E09D /* SF-Compact-Rounded-Heavy.otf */ = {isa = PBXFileReference; lastKnownFileType = file; path = "SF-Compact-Rounded-Heavy.otf"; sourceTree = "<group>"; };
		AC1E5E2B22B8D77C00B7E09D /* SF-Compact-Rounded-Light.otf */ = {isa = PBXFileReference; lastKnownFileType = file; path = "SF-Compact-Rounded-Light.otf"; sourceTree = "<group>"; };
		AC1E5E2C22B8D77C00B7E09D /* SF-Compact-Rounded-Regular.otf */ = {isa = PBXFileReference; lastKnownFileType = file; path = "SF-Compact-Rounded-Regular.otf"; sourceTree = "<group>"; };
		AC1E5E2D22B8D77C00B7E09D /* SF-Compact-Rounded-Ultralight.otf */ = {isa = PBXFileReference; lastKnownFileType = file; path = "SF-Compact-Rounded-Ultralight.otf"; sourceTree = "<group>"; };
		AC1E5E2E22B8D77C00B7E09D /* SF-Compact-Rounded-Semibold.otf */ = {isa = PBXFileReference; lastKnownFileType = file; path = "SF-Compact-Rounded-Semibold.otf"; sourceTree = "<group>"; };
		AC1E5E2F22B8D77C00B7E09D /* SF-Compact-Rounded-Black.otf */ = {isa = PBXFileReference; lastKnownFileType = file; path = "SF-Compact-Rounded-Black.otf"; sourceTree = "<group>"; };
		AC1E5E3022B8D77C00B7E09D /* SF-Compact-Rounded-Bold.otf */ = {isa = PBXFileReference; lastKnownFileType = file; path = "SF-Compact-Rounded-Bold.otf"; sourceTree = "<group>"; };
		AC1E5E3122B8D77C00B7E09D /* SF-Compact-Rounded-Thin.otf */ = {isa = PBXFileReference; lastKnownFileType = file; path = "SF-Compact-Rounded-Thin.otf"; sourceTree = "<group>"; };
		AC1E5E3B22B8DC9E00B7E09D /* PatientsTableview.swift */ = {isa = PBXFileReference; lastKnownFileType = sourcecode.swift; path = PatientsTableview.swift; sourceTree = "<group>"; };
		AC1E5E3E22B8DD0D00B7E09D /* PatientItem.swift */ = {isa = PBXFileReference; lastKnownFileType = sourcecode.swift; path = PatientItem.swift; sourceTree = "<group>"; };
		AC1E5E4022B8DDDA00B7E09D /* PatientItemCell.swift */ = {isa = PBXFileReference; lastKnownFileType = sourcecode.swift; path = PatientItemCell.swift; sourceTree = "<group>"; };
		AC626D4B22BCDD47003ED8BD /* Profile.storyboard */ = {isa = PBXFileReference; fileEncoding = 4; lastKnownFileType = file.storyboard; path = Profile.storyboard; sourceTree = "<group>"; };
		AC626D4E22BCDD85003ED8BD /* ProfileVC.swift */ = {isa = PBXFileReference; lastKnownFileType = sourcecode.swift; path = ProfileVC.swift; sourceTree = "<group>"; };
		AC626D5022BCDDC2003ED8BD /* ProfileHeaderView.swift */ = {isa = PBXFileReference; fileEncoding = 4; lastKnownFileType = sourcecode.swift; path = ProfileHeaderView.swift; sourceTree = "<group>"; };
		AC626D5522BCDE8C003ED8BD /* ImageViewExtension.swift */ = {isa = PBXFileReference; lastKnownFileType = sourcecode.swift; path = ImageViewExtension.swift; sourceTree = "<group>"; };
		AC76EEF022D24E6800027FE6 /* Excercises.storyboard */ = {isa = PBXFileReference; fileEncoding = 4; lastKnownFileType = file.storyboard; path = Excercises.storyboard; sourceTree = "<group>"; };
		AC76EEF122D24E6900027FE6 /* DiagnosticResults.storyboard */ = {isa = PBXFileReference; fileEncoding = 4; lastKnownFileType = file.storyboard; path = DiagnosticResults.storyboard; sourceTree = "<group>"; };
		AC76EEF822D24E7800027FE6 /* GetExercisesService.swift */ = {isa = PBXFileReference; fileEncoding = 4; lastKnownFileType = sourcecode.swift; path = GetExercisesService.swift; sourceTree = "<group>"; };
		AC76EEFA22D24E7800027FE6 /* Exercise.swift */ = {isa = PBXFileReference; fileEncoding = 4; lastKnownFileType = sourcecode.swift; path = Exercise.swift; sourceTree = "<group>"; };
		AC76EEFC22D24E7800027FE6 /* ExcercisesVC.swift */ = {isa = PBXFileReference; fileEncoding = 4; lastKnownFileType = sourcecode.swift; path = ExcercisesVC.swift; sourceTree = "<group>"; };
		AC76EEFD22D24E7800027FE6 /* ExcercisesTableVIew.swift */ = {isa = PBXFileReference; fileEncoding = 4; lastKnownFileType = sourcecode.swift; path = ExcercisesTableVIew.swift; sourceTree = "<group>"; };
		AC76EEFE22D24E7800027FE6 /* ExercisesCell.swift */ = {isa = PBXFileReference; fileEncoding = 4; lastKnownFileType = sourcecode.swift; path = ExercisesCell.swift; sourceTree = "<group>"; };
		AC76EF0022D24E7800027FE6 /* ViewPlay.swift */ = {isa = PBXFileReference; fileEncoding = 4; lastKnownFileType = sourcecode.swift; path = ViewPlay.swift; sourceTree = "<group>"; };
		AC76EF0322D24E7800027FE6 /* DiagnosticResultsCell.swift */ = {isa = PBXFileReference; fileEncoding = 4; lastKnownFileType = sourcecode.swift; path = DiagnosticResultsCell.swift; sourceTree = "<group>"; };
		AC76EF0422D24E7800027FE6 /* DiagnosticResultsTableView.swift */ = {isa = PBXFileReference; fileEncoding = 4; lastKnownFileType = sourcecode.swift; path = DiagnosticResultsTableView.swift; sourceTree = "<group>"; };
		AC76EF0522D24E7800027FE6 /* DiagnosticResultsVC.swift */ = {isa = PBXFileReference; fileEncoding = 4; lastKnownFileType = sourcecode.swift; path = DiagnosticResultsVC.swift; sourceTree = "<group>"; };
		AC76EF0622D24E7800027FE6 /* DiagnosticConclusionCell.swift */ = {isa = PBXFileReference; fileEncoding = 4; lastKnownFileType = sourcecode.swift; path = DiagnosticConclusionCell.swift; sourceTree = "<group>"; };
		AC76EF0822D24E7800027FE6 /* ViewGradientHeader.swift */ = {isa = PBXFileReference; fileEncoding = 4; lastKnownFileType = sourcecode.swift; path = ViewGradientHeader.swift; sourceTree = "<group>"; };
		AC76EF0A22D24E7800027FE6 /* DiagnosticInfo.swift */ = {isa = PBXFileReference; fileEncoding = 4; lastKnownFileType = sourcecode.swift; path = DiagnosticInfo.swift; sourceTree = "<group>"; };
		AC76EF0B22D24E7800027FE6 /* DiagnosticService.swift */ = {isa = PBXFileReference; fileEncoding = 4; lastKnownFileType = sourcecode.swift; path = DiagnosticService.swift; sourceTree = "<group>"; };
		AC76EF1B22D251EA00027FE6 /* BackboneVC.swift */ = {isa = PBXFileReference; fileEncoding = 4; lastKnownFileType = sourcecode.swift; path = BackboneVC.swift; sourceTree = "<group>"; };
		AC76EF1D22D251EA00027FE6 /* DiagnosticItemVC.swift */ = {isa = PBXFileReference; fileEncoding = 4; lastKnownFileType = sourcecode.swift; path = DiagnosticItemVC.swift; sourceTree = "<group>"; };
		ACE547B522C0D1D6009BD2FB /* PatientsListService.swift */ = {isa = PBXFileReference; lastKnownFileType = sourcecode.swift; path = PatientsListService.swift; sourceTree = "<group>"; };
		ACE547DF22C0DA16009BD2FB /* ChatImageVC.swift */ = {isa = PBXFileReference; fileEncoding = 4; lastKnownFileType = sourcecode.swift; path = ChatImageVC.swift; sourceTree = "<group>"; };
		ACE547E822C108FB009BD2FB /* MessageHistoryService.swift */ = {isa = PBXFileReference; fileEncoding = 4; lastKnownFileType = sourcecode.swift; path = MessageHistoryService.swift; sourceTree = "<group>"; };
		ACE547E922C108FB009BD2FB /* ChatService.swift */ = {isa = PBXFileReference; fileEncoding = 4; lastKnownFileType = sourcecode.swift; path = ChatService.swift; sourceTree = "<group>"; };
		ACE547EB22C108FB009BD2FB /* Message.swift */ = {isa = PBXFileReference; fileEncoding = 4; lastKnownFileType = sourcecode.swift; path = Message.swift; sourceTree = "<group>"; };
		ACE547EC22C108FB009BD2FB /* Sender.swift */ = {isa = PBXFileReference; fileEncoding = 4; lastKnownFileType = sourcecode.swift; path = Sender.swift; sourceTree = "<group>"; };
		ACE547ED22C108FB009BD2FB /* MessageContentType.swift */ = {isa = PBXFileReference; fileEncoding = 4; lastKnownFileType = sourcecode.swift; path = MessageContentType.swift; sourceTree = "<group>"; };
		ACE547EF22C108FB009BD2FB /* ChatTableviewDelegate.swift */ = {isa = PBXFileReference; fileEncoding = 4; lastKnownFileType = sourcecode.swift; path = ChatTableviewDelegate.swift; sourceTree = "<group>"; };
		ACE547F022C108FB009BD2FB /* ChatVC.swift */ = {isa = PBXFileReference; fileEncoding = 4; lastKnownFileType = sourcecode.swift; path = ChatVC.swift; sourceTree = "<group>"; };
		ACE547F122C108FB009BD2FB /* ChatTFDelegate.swift */ = {isa = PBXFileReference; fileEncoding = 4; lastKnownFileType = sourcecode.swift; path = ChatTFDelegate.swift; sourceTree = "<group>"; };
		ACE547F322C108FB009BD2FB /* PenPalMessageCell.swift */ = {isa = PBXFileReference; fileEncoding = 4; lastKnownFileType = sourcecode.swift; path = PenPalMessageCell.swift; sourceTree = "<group>"; };
		ACE547F422C108FB009BD2FB /* PenPalImageCell.swift */ = {isa = PBXFileReference; fileEncoding = 4; lastKnownFileType = sourcecode.swift; path = PenPalImageCell.swift; sourceTree = "<group>"; };
		ACE547F522C108FB009BD2FB /* UserImageCell.swift */ = {isa = PBXFileReference; fileEncoding = 4; lastKnownFileType = sourcecode.swift; path = UserImageCell.swift; sourceTree = "<group>"; };
		ACE547F622C108FB009BD2FB /* UserMessageCell.swift */ = {isa = PBXFileReference; fileEncoding = 4; lastKnownFileType = sourcecode.swift; path = UserMessageCell.swift; sourceTree = "<group>"; };
		ACE547F822C108FB009BD2FB /* MessageLabel.swift */ = {isa = PBXFileReference; fileEncoding = 4; lastKnownFileType = sourcecode.swift; path = MessageLabel.swift; sourceTree = "<group>"; };
		ACE547F922C108FB009BD2FB /* ChatHeaderVIew.swift */ = {isa = PBXFileReference; fileEncoding = 4; lastKnownFileType = sourcecode.swift; path = ChatHeaderVIew.swift; sourceTree = "<group>"; };
		ACE5480A22C10903009BD2FB /* Chat.storyboard */ = {isa = PBXFileReference; fileEncoding = 4; lastKnownFileType = file.storyboard; path = Chat.storyboard; sourceTree = "<group>"; };
		DF80982D75C5D0059769F261 /* Pods_MedicTerapevtNew.framework */ = {isa = PBXFileReference; explicitFileType = wrapper.framework; includeInIndex = 0; path = Pods_MedicTerapevtNew.framework; sourceTree = BUILT_PRODUCTS_DIR; };
/* End PBXFileReference section */

/* Begin PBXFrameworksBuildPhase section */
		AC1E5DC322B8CC4A00B7E09D /* Frameworks */ = {
			isa = PBXFrameworksBuildPhase;
			buildActionMask = 2147483647;
			files = (
				FF5F0671B3ECF11323AFFC83 /* Pods_MedicTerapevtNew.framework in Frameworks */,
			);
			runOnlyForDeploymentPostprocessing = 0;
		};
/* End PBXFrameworksBuildPhase section */

/* Begin PBXGroup section */
		1806EDA5A08CC7FBA4EE294D /* Pods */ = {
			isa = PBXGroup;
			children = (
				8999227EB26D818EFE3C03B0 /* Pods-MedicTerapevtNew.debug.xcconfig */,
				612CAD70381534D3AB4DE93A /* Pods-MedicTerapevtNew.release.xcconfig */,
			);
			path = Pods;
			sourceTree = "<group>";
		};
		AC1E5DBD22B8CC4A00B7E09D = {
			isa = PBXGroup;
			children = (
				AC1E5DC822B8CC4A00B7E09D /* MedicTerapevtNew */,
				AC1E5DC722B8CC4A00B7E09D /* Products */,
				1806EDA5A08CC7FBA4EE294D /* Pods */,
				DA7EF809C5D5DFF1B2B62AC3 /* Frameworks */,
			);
			sourceTree = "<group>";
		};
		AC1E5DC722B8CC4A00B7E09D /* Products */ = {
			isa = PBXGroup;
			children = (
				AC1E5DC622B8CC4A00B7E09D /* MedicTerapevtNew.app */,
			);
			name = Products;
			sourceTree = "<group>";
		};
		AC1E5DC822B8CC4A00B7E09D /* MedicTerapevtNew */ = {
			isa = PBXGroup;
			children = (
				AC626D5222BCDE4E003ED8BD /* GlobalExtensions */,
				AC1E5DE922B8CCEE00B7E09D /* GlobalEntities */,
				AC1E5DF422B8CCEE00B7E09D /* GlobalServices */,
				AC1E5DDB22B8CCEE00B7E09D /* Registration+Enter */,
				AC1E5E2022B8D5BF00B7E09D /* Patients */,
				ACE547DE22C0DA16009BD2FB /* ChatImageVC */,
				AC626D4D22BCDD6D003ED8BD /* ProfileVC */,
				ACE547E522C108FB009BD2FB /* ChatVC */,
				AC76EF0122D24E7800027FE6 /* DiagnosticResultsVC */,
				AC76EF1A22D251EA00027FE6 /* BackboneVC */,
				AC76EF1C22D251EA00027FE6 /* DiagnosticItemVC */,
				AC76EEF422D24E7800027FE6 /* ExcercisesVC */,
				AC1E5E0E22B8CCF500B7E09D /* SupportingFiles */,
				AC1E5DD522B8CC4B00B7E09D /* Info.plist */,
			);
			path = MedicTerapevtNew;
			sourceTree = "<group>";
		};
		AC1E5DDB22B8CCEE00B7E09D /* Registration+Enter */ = {
			isa = PBXGroup;
			children = (
				AC1E5DDC22B8CCEE00B7E09D /* Enteties */,
				AC1E5E1722B8CF5100B7E09D /* EnterVC */,
				AC1E5DDF22B8CCEE00B7E09D /* RegistrationCodeVC */,
				AC1E5DE222B8CCEE00B7E09D /* EnterCodeVC */,
				AC1E5DE622B8CCEE00B7E09D /* RegistrationVC */,
			);
			path = "Registration+Enter";
			sourceTree = "<group>";
		};
		AC1E5DDC22B8CCEE00B7E09D /* Enteties */ = {
			isa = PBXGroup;
			children = (
				AC1E5DDD22B8CCEE00B7E09D /* WaveGradientView.swift */,
				AC1E5DDE22B8CCEE00B7E09D /* ButtonGradient.swift */,
			);
			path = Enteties;
			sourceTree = "<group>";
		};
		AC1E5DDF22B8CCEE00B7E09D /* RegistrationCodeVC */ = {
			isa = PBXGroup;
			children = (
				AC1E5DE022B8CCEE00B7E09D /* RegistrationCodeVC.swift */,
				AC1E5DE122B8CCEE00B7E09D /* RegistrationCodeVCTFDelegate.swift */,
			);
			path = RegistrationCodeVC;
			sourceTree = "<group>";
		};
		AC1E5DE222B8CCEE00B7E09D /* EnterCodeVC */ = {
			isa = PBXGroup;
			children = (
				AC1E5DE322B8CCEE00B7E09D /* EnterCodeVC.swift */,
				AC1E5DE422B8CCEE00B7E09D /* ForgotPasswordService.swift */,
				AC1E5DE522B8CCEE00B7E09D /* EnterCodeTFDelegate.swift */,
			);
			path = EnterCodeVC;
			sourceTree = "<group>";
		};
		AC1E5DE622B8CCEE00B7E09D /* RegistrationVC */ = {
			isa = PBXGroup;
			children = (
				AC1E5DE722B8CCEE00B7E09D /* RegistrationView.swift */,
				AC1E5DE822B8CCEE00B7E09D /* RegistrationTFDelegate.swift */,
			);
			path = RegistrationVC;
			sourceTree = "<group>";
		};
		AC1E5DE922B8CCEE00B7E09D /* GlobalEntities */ = {
			isa = PBXGroup;
			children = (
				AC1E5DF022B8CCEE00B7E09D /* API */,
				AC1E5E2522B8D66F00B7E09D /* GradientNavigationBar */,
				AC1E5E1822B8D01800B7E09D /* SimpleGradientView.swift */,
				AC1E5DEB22B8CCEE00B7E09D /* NotificationNames.swift */,
				AC1E5DEC22B8CCEE00B7E09D /* ViewUnderTextFields.swift */,
				AC1E5DED22B8CCEE00B7E09D /* OpeningChatVC.swift */,
				AC1E5DEE22B8CCEE00B7E09D /* MainTabBarController.swift */,
				AC1E5DEF22B8CCEE00B7E09D /* Gradient.swift */,
				AC1E5DF322B8CCEE00B7E09D /* Colors.swift */,
			);
			path = GlobalEntities;
			sourceTree = "<group>";
		};
		AC1E5DF022B8CCEE00B7E09D /* API */ = {
			isa = PBXGroup;
			children = (
				AC1E5DF122B8CCEE00B7E09D /* ApiInfo.swift */,
			);
			path = API;
			sourceTree = "<group>";
		};
		AC1E5DF422B8CCEE00B7E09D /* GlobalServices */ = {
			isa = PBXGroup;
			children = (
				AC1E5DF522B8CCEE00B7E09D /* NotificationManager.swift */,
				AC1E5DF622B8CCEE00B7E09D /* API */,
			);
			path = GlobalServices;
			sourceTree = "<group>";
		};
		AC1E5DF622B8CCEE00B7E09D /* API */ = {
			isa = PBXGroup;
			children = (
				AC1E5DF722B8CCEE00B7E09D /* RegistrationService.swift */,
				AC1E5DF822B8CCEE00B7E09D /* TokenService.swift */,
			);
			path = API;
			sourceTree = "<group>";
		};
		AC1E5E0E22B8CCF500B7E09D /* SupportingFiles */ = {
			isa = PBXGroup;
			children = (
				AC1E5DC922B8CC4A00B7E09D /* AppDelegate.swift */,
				AC1E5E0F22B8CD1600B7E09D /* Registration+Enter.storyboard */,
				AC1E5E1C22B8D2B000B7E09D /* Patients.storyboard */,
				ACE5480A22C10903009BD2FB /* Chat.storyboard */,
				AC76EEF122D24E6900027FE6 /* DiagnosticResults.storyboard */,
				AC76EEF022D24E6800027FE6 /* Excercises.storyboard */,
				AC626D4B22BCDD47003ED8BD /* Profile.storyboard */,
				AC1E5DD022B8CC4B00B7E09D /* Assets.xcassets */,
				AC1E5DD222B8CC4B00B7E09D /* LaunchScreen.storyboard */,
				AC1E5E2822B8D77C00B7E09D /* Шрифты */,
			);
			path = SupportingFiles;
			sourceTree = "<group>";
		};
		AC1E5E1722B8CF5100B7E09D /* EnterVC */ = {
			isa = PBXGroup;
			children = (
				AC1E5DF222B8CCEE00B7E09D /* EnterService.swift */,
				AC1E5DEA22B8CCEE00B7E09D /* EnterView.swift */,
				AC1E5E1522B8CF3F00B7E09D /* EnterTFDelegate.swift */,
			);
			path = EnterVC;
			sourceTree = "<group>";
		};
		AC1E5E2022B8D5BF00B7E09D /* Patients */ = {
			isa = PBXGroup;
			children = (
				AC1E5E3D22B8DCF800B7E09D /* Model */,
				AC1E5E2122B8D5D600B7E09D /* PatientsVC.swift */,
				AC1E5E3B22B8DC9E00B7E09D /* PatientsTableview.swift */,
				AC1E5E4022B8DDDA00B7E09D /* PatientItemCell.swift */,
			);
			path = Patients;
			sourceTree = "<group>";
		};
		AC1E5E2522B8D66F00B7E09D /* GradientNavigationBar */ = {
			isa = PBXGroup;
			children = (
				AC1E5E2322B8D64400B7E09D /* GradientNavigationBar.swift */,
				AC1E5E2622B8D69200B7E09D /* GradientLayerExtension.swift */,
			);
			path = GradientNavigationBar;
			sourceTree = "<group>";
		};
		AC1E5E2822B8D77C00B7E09D /* Шрифты */ = {
			isa = PBXGroup;
			children = (
				AC1E5E2922B8D77C00B7E09D /* SF-Compact-Rounded-Medium.otf */,
				AC1E5E2A22B8D77C00B7E09D /* SF-Compact-Rounded-Heavy.otf */,
				AC1E5E2B22B8D77C00B7E09D /* SF-Compact-Rounded-Light.otf */,
				AC1E5E2C22B8D77C00B7E09D /* SF-Compact-Rounded-Regular.otf */,
				AC1E5E2D22B8D77C00B7E09D /* SF-Compact-Rounded-Ultralight.otf */,
				AC1E5E2E22B8D77C00B7E09D /* SF-Compact-Rounded-Semibold.otf */,
				AC1E5E2F22B8D77C00B7E09D /* SF-Compact-Rounded-Black.otf */,
				AC1E5E3022B8D77C00B7E09D /* SF-Compact-Rounded-Bold.otf */,
				AC1E5E3122B8D77C00B7E09D /* SF-Compact-Rounded-Thin.otf */,
			);
			path = "Шрифты";
			sourceTree = "<group>";
		};
		AC1E5E3D22B8DCF800B7E09D /* Model */ = {
			isa = PBXGroup;
			children = (
				AC1E5E3E22B8DD0D00B7E09D /* PatientItem.swift */,
				ACE547B522C0D1D6009BD2FB /* PatientsListService.swift */,
			);
			path = Model;
			sourceTree = "<group>";
		};
		AC626D4D22BCDD6D003ED8BD /* ProfileVC */ = {
			isa = PBXGroup;
			children = (
				AC626D4E22BCDD85003ED8BD /* ProfileVC.swift */,
				AC626D5022BCDDC2003ED8BD /* ProfileHeaderView.swift */,
			);
			path = ProfileVC;
			sourceTree = "<group>";
		};
		AC626D5222BCDE4E003ED8BD /* GlobalExtensions */ = {
			isa = PBXGroup;
			children = (
				AC626D5522BCDE8C003ED8BD /* ImageViewExtension.swift */,
			);
			path = GlobalExtensions;
			sourceTree = "<group>";
		};
		AC76EEF422D24E7800027FE6 /* ExcercisesVC */ = {
			isa = PBXGroup;
			children = (
				AC76EEF522D24E7800027FE6 /* Model */,
				AC76EEFB22D24E7800027FE6 /* View */,
			);
			path = ExcercisesVC;
			sourceTree = "<group>";
		};
		AC76EEF522D24E7800027FE6 /* Model */ = {
			isa = PBXGroup;
			children = (
				AC76EEF622D24E7800027FE6 /* Servicies */,
				AC76EEF922D24E7800027FE6 /* Entities */,
			);
			path = Model;
			sourceTree = "<group>";
		};
		AC76EEF622D24E7800027FE6 /* Servicies */ = {
			isa = PBXGroup;
			children = (
				AC76EEF822D24E7800027FE6 /* GetExercisesService.swift */,
			);
			path = Servicies;
			sourceTree = "<group>";
		};
		AC76EEF922D24E7800027FE6 /* Entities */ = {
			isa = PBXGroup;
			children = (
				AC76EEFA22D24E7800027FE6 /* Exercise.swift */,
			);
			path = Entities;
			sourceTree = "<group>";
		};
		AC76EEFB22D24E7800027FE6 /* View */ = {
			isa = PBXGroup;
			children = (
				AC76EEFC22D24E7800027FE6 /* ExcercisesVC.swift */,
				AC76EEFD22D24E7800027FE6 /* ExcercisesTableVIew.swift */,
				AC76EEFE22D24E7800027FE6 /* ExercisesCell.swift */,
				AC76EEFF22D24E7800027FE6 /* Entities */,
			);
			path = View;
			sourceTree = "<group>";
		};
		AC76EEFF22D24E7800027FE6 /* Entities */ = {
			isa = PBXGroup;
			children = (
				AC76EF0022D24E7800027FE6 /* ViewPlay.swift */,
				AC008DE422EA53CE0071AD20 /* AddDeleteButton.swift */,
			);
			path = Entities;
			sourceTree = "<group>";
		};
		AC76EF0122D24E7800027FE6 /* DiagnosticResultsVC */ = {
			isa = PBXGroup;
			children = (
				AC76EF0222D24E7800027FE6 /* View */,
				AC76EF0922D24E7800027FE6 /* API */,
			);
			path = DiagnosticResultsVC;
			sourceTree = "<group>";
		};
		AC76EF0222D24E7800027FE6 /* View */ = {
			isa = PBXGroup;
			children = (
				AC76EF0322D24E7800027FE6 /* DiagnosticResultsCell.swift */,
				AC76EF0422D24E7800027FE6 /* DiagnosticResultsTableView.swift */,
				AC76EF0522D24E7800027FE6 /* DiagnosticResultsVC.swift */,
				AC76EF0622D24E7800027FE6 /* DiagnosticConclusionCell.swift */,
				AC76EF0722D24E7800027FE6 /* Entities */,
			);
			path = View;
			sourceTree = "<group>";
		};
		AC76EF0722D24E7800027FE6 /* Entities */ = {
			isa = PBXGroup;
			children = (
				AC76EF0822D24E7800027FE6 /* ViewGradientHeader.swift */,
			);
			path = Entities;
			sourceTree = "<group>";
		};
		AC76EF0922D24E7800027FE6 /* API */ = {
			isa = PBXGroup;
			children = (
				AC76EF0A22D24E7800027FE6 /* DiagnosticInfo.swift */,
				AC76EF0B22D24E7800027FE6 /* DiagnosticService.swift */,
			);
			path = API;
			sourceTree = "<group>";
		};
		AC76EF1A22D251EA00027FE6 /* BackboneVC */ = {
			isa = PBXGroup;
			children = (
				AC76EF1B22D251EA00027FE6 /* BackboneVC.swift */,
			);
			path = BackboneVC;
			sourceTree = "<group>";
		};
		AC76EF1C22D251EA00027FE6 /* DiagnosticItemVC */ = {
			isa = PBXGroup;
			children = (
				AC76EF1D22D251EA00027FE6 /* DiagnosticItemVC.swift */,
			);
			path = DiagnosticItemVC;
			sourceTree = "<group>";
		};
		ACE547DE22C0DA16009BD2FB /* ChatImageVC */ = {
			isa = PBXGroup;
			children = (
				ACE547DF22C0DA16009BD2FB /* ChatImageVC.swift */,
			);
			path = ChatImageVC;
			sourceTree = "<group>";
		};
		ACE547E522C108FB009BD2FB /* ChatVC */ = {
			isa = PBXGroup;
			children = (
				ACE547E622C108FB009BD2FB /* Model */,
				ACE547EE22C108FB009BD2FB /* View */,
			);
			path = ChatVC;
			sourceTree = "<group>";
		};
		ACE547E622C108FB009BD2FB /* Model */ = {
			isa = PBXGroup;
			children = (
				ACE547E722C108FB009BD2FB /* Servicies */,
				ACE547EA22C108FB009BD2FB /* Entities */,
			);
			path = Model;
			sourceTree = "<group>";
		};
		ACE547E722C108FB009BD2FB /* Servicies */ = {
			isa = PBXGroup;
			children = (
				ACE547E822C108FB009BD2FB /* MessageHistoryService.swift */,
				ACE547E922C108FB009BD2FB /* ChatService.swift */,
			);
			path = Servicies;
			sourceTree = "<group>";
		};
		ACE547EA22C108FB009BD2FB /* Entities */ = {
			isa = PBXGroup;
			children = (
				ACE547EB22C108FB009BD2FB /* Message.swift */,
				ACE547EC22C108FB009BD2FB /* Sender.swift */,
				ACE547ED22C108FB009BD2FB /* MessageContentType.swift */,
			);
			path = Entities;
			sourceTree = "<group>";
		};
		ACE547EE22C108FB009BD2FB /* View */ = {
			isa = PBXGroup;
			children = (
				ACE547EF22C108FB009BD2FB /* ChatTableviewDelegate.swift */,
				ACE547F022C108FB009BD2FB /* ChatVC.swift */,
				ACE547F122C108FB009BD2FB /* ChatTFDelegate.swift */,
				ACE547F222C108FB009BD2FB /* ChatCells */,
				ACE547F722C108FB009BD2FB /* Entities */,
			);
			path = View;
			sourceTree = "<group>";
		};
		ACE547F222C108FB009BD2FB /* ChatCells */ = {
			isa = PBXGroup;
			children = (
				ACE547F322C108FB009BD2FB /* PenPalMessageCell.swift */,
				ACE547F422C108FB009BD2FB /* PenPalImageCell.swift */,
				ACE547F522C108FB009BD2FB /* UserImageCell.swift */,
				ACE547F622C108FB009BD2FB /* UserMessageCell.swift */,
			);
			path = ChatCells;
			sourceTree = "<group>";
		};
		ACE547F722C108FB009BD2FB /* Entities */ = {
			isa = PBXGroup;
			children = (
				ACE547F822C108FB009BD2FB /* MessageLabel.swift */,
				ACE547F922C108FB009BD2FB /* ChatHeaderVIew.swift */,
			);
			path = Entities;
			sourceTree = "<group>";
		};
		DA7EF809C5D5DFF1B2B62AC3 /* Frameworks */ = {
			isa = PBXGroup;
			children = (
				DF80982D75C5D0059769F261 /* Pods_MedicTerapevtNew.framework */,
			);
			name = Frameworks;
			sourceTree = "<group>";
		};
/* End PBXGroup section */

/* Begin PBXNativeTarget section */
		AC1E5DC522B8CC4A00B7E09D /* MedicTerapevtNew */ = {
			isa = PBXNativeTarget;
			buildConfigurationList = AC1E5DD822B8CC4B00B7E09D /* Build configuration list for PBXNativeTarget "MedicTerapevtNew" */;
			buildPhases = (
				DC0F85867C3495437CD0EFAD /* [CP] Check Pods Manifest.lock */,
				AC1E5DC222B8CC4A00B7E09D /* Sources */,
				AC1E5DC322B8CC4A00B7E09D /* Frameworks */,
				AC1E5DC422B8CC4A00B7E09D /* Resources */,
				1227A788F52676E626F055B7 /* [CP] Embed Pods Frameworks */,
			);
			buildRules = (
			);
			dependencies = (
			);
			name = MedicTerapevtNew;
			productName = MedicTerapevtNew;
			productReference = AC1E5DC622B8CC4A00B7E09D /* MedicTerapevtNew.app */;
			productType = "com.apple.product-type.application";
		};
/* End PBXNativeTarget section */

/* Begin PBXProject section */
		AC1E5DBE22B8CC4A00B7E09D /* Project object */ = {
			isa = PBXProject;
			attributes = {
				LastSwiftUpdateCheck = 1020;
				LastUpgradeCheck = 1020;
				ORGANIZATIONNAME = "Ацамаз Бицоев";
				TargetAttributes = {
					AC1E5DC522B8CC4A00B7E09D = {
						CreatedOnToolsVersion = 10.2.1;
					};
				};
			};
			buildConfigurationList = AC1E5DC122B8CC4A00B7E09D /* Build configuration list for PBXProject "MedicTerapevtNew" */;
			compatibilityVersion = "Xcode 9.3";
			developmentRegion = en;
			hasScannedForEncodings = 0;
			knownRegions = (
				en,
				Base,
			);
			mainGroup = AC1E5DBD22B8CC4A00B7E09D;
			productRefGroup = AC1E5DC722B8CC4A00B7E09D /* Products */;
			projectDirPath = "";
			projectRoot = "";
			targets = (
				AC1E5DC522B8CC4A00B7E09D /* MedicTerapevtNew */,
			);
		};
/* End PBXProject section */

/* Begin PBXResourcesBuildPhase section */
		AC1E5DC422B8CC4A00B7E09D /* Resources */ = {
			isa = PBXResourcesBuildPhase;
			buildActionMask = 2147483647;
			files = (
				AC1E5E3322B8D77C00B7E09D /* SF-Compact-Rounded-Heavy.otf in Resources */,
				AC1E5E3522B8D77C00B7E09D /* SF-Compact-Rounded-Regular.otf in Resources */,
				AC1E5E1D22B8D2B000B7E09D /* Patients.storyboard in Resources */,
				ACE5480B22C10903009BD2FB /* Chat.storyboard in Resources */,
				AC1E5DD422B8CC4B00B7E09D /* LaunchScreen.storyboard in Resources */,
				AC1E5E3622B8D77C00B7E09D /* SF-Compact-Rounded-Ultralight.otf in Resources */,
				AC1E5E3422B8D77C00B7E09D /* SF-Compact-Rounded-Light.otf in Resources */,
				AC1E5E3922B8D77C00B7E09D /* SF-Compact-Rounded-Bold.otf in Resources */,
				AC1E5E3222B8D77C00B7E09D /* SF-Compact-Rounded-Medium.otf in Resources */,
				AC1E5E3822B8D77C00B7E09D /* SF-Compact-Rounded-Black.otf in Resources */,
				AC76EEF222D24E6900027FE6 /* Excercises.storyboard in Resources */,
				AC1E5E1022B8CD1600B7E09D /* Registration+Enter.storyboard in Resources */,
				AC1E5E3A22B8D77C00B7E09D /* SF-Compact-Rounded-Thin.otf in Resources */,
				AC1E5DD122B8CC4B00B7E09D /* Assets.xcassets in Resources */,
				AC626D4C22BCDD47003ED8BD /* Profile.storyboard in Resources */,
				AC76EEF322D24E6900027FE6 /* DiagnosticResults.storyboard in Resources */,
				AC1E5E3722B8D77C00B7E09D /* SF-Compact-Rounded-Semibold.otf in Resources */,
			);
			runOnlyForDeploymentPostprocessing = 0;
		};
/* End PBXResourcesBuildPhase section */

/* Begin PBXShellScriptBuildPhase section */
		1227A788F52676E626F055B7 /* [CP] Embed Pods Frameworks */ = {
			isa = PBXShellScriptBuildPhase;
			buildActionMask = 2147483647;
			files = (
			);
			inputFileListPaths = (
			);
			inputPaths = (
				"${PODS_ROOT}/Target Support Files/Pods-MedicTerapevtNew/Pods-MedicTerapevtNew-frameworks.sh",
				"${BUILT_PRODUCTS_DIR}/Alamofire/Alamofire.framework",
				"${BUILT_PRODUCTS_DIR}/CVCalendar/CVCalendar.framework",
				"${BUILT_PRODUCTS_DIR}/RxCocoa/RxCocoa.framework",
				"${BUILT_PRODUCTS_DIR}/RxKeyboard/RxKeyboard.framework",
				"${BUILT_PRODUCTS_DIR}/RxRelay/RxRelay.framework",
				"${BUILT_PRODUCTS_DIR}/RxSwift/RxSwift.framework",
				"${BUILT_PRODUCTS_DIR}/Socket.IO-Client-Swift/SocketIO.framework",
				"${BUILT_PRODUCTS_DIR}/Starscream/Starscream.framework",
				"${BUILT_PRODUCTS_DIR}/SwiftyJSON/SwiftyJSON.framework",
			);
			name = "[CP] Embed Pods Frameworks";
			outputFileListPaths = (
			);
			outputPaths = (
				"${TARGET_BUILD_DIR}/${FRAMEWORKS_FOLDER_PATH}/Alamofire.framework",
				"${TARGET_BUILD_DIR}/${FRAMEWORKS_FOLDER_PATH}/CVCalendar.framework",
				"${TARGET_BUILD_DIR}/${FRAMEWORKS_FOLDER_PATH}/RxCocoa.framework",
				"${TARGET_BUILD_DIR}/${FRAMEWORKS_FOLDER_PATH}/RxKeyboard.framework",
				"${TARGET_BUILD_DIR}/${FRAMEWORKS_FOLDER_PATH}/RxRelay.framework",
				"${TARGET_BUILD_DIR}/${FRAMEWORKS_FOLDER_PATH}/RxSwift.framework",
				"${TARGET_BUILD_DIR}/${FRAMEWORKS_FOLDER_PATH}/SocketIO.framework",
				"${TARGET_BUILD_DIR}/${FRAMEWORKS_FOLDER_PATH}/Starscream.framework",
				"${TARGET_BUILD_DIR}/${FRAMEWORKS_FOLDER_PATH}/SwiftyJSON.framework",
			);
			runOnlyForDeploymentPostprocessing = 0;
			shellPath = /bin/sh;
			shellScript = "\"${PODS_ROOT}/Target Support Files/Pods-MedicTerapevtNew/Pods-MedicTerapevtNew-frameworks.sh\"\n";
			showEnvVarsInLog = 0;
		};
		DC0F85867C3495437CD0EFAD /* [CP] Check Pods Manifest.lock */ = {
			isa = PBXShellScriptBuildPhase;
			buildActionMask = 2147483647;
			files = (
			);
			inputFileListPaths = (
			);
			inputPaths = (
				"${PODS_PODFILE_DIR_PATH}/Podfile.lock",
				"${PODS_ROOT}/Manifest.lock",
			);
			name = "[CP] Check Pods Manifest.lock";
			outputFileListPaths = (
			);
			outputPaths = (
				"$(DERIVED_FILE_DIR)/Pods-MedicTerapevtNew-checkManifestLockResult.txt",
			);
			runOnlyForDeploymentPostprocessing = 0;
			shellPath = /bin/sh;
			shellScript = "diff \"${PODS_PODFILE_DIR_PATH}/Podfile.lock\" \"${PODS_ROOT}/Manifest.lock\" > /dev/null\nif [ $? != 0 ] ; then\n    # print error to STDERR\n    echo \"error: The sandbox is not in sync with the Podfile.lock. Run 'pod install' or update your CocoaPods installation.\" >&2\n    exit 1\nfi\n# This output is used by Xcode 'outputs' to avoid re-running this script phase.\necho \"SUCCESS\" > \"${SCRIPT_OUTPUT_FILE_0}\"\n";
			showEnvVarsInLog = 0;
		};
/* End PBXShellScriptBuildPhase section */

/* Begin PBXSourcesBuildPhase section */
		AC1E5DC222B8CC4A00B7E09D /* Sources */ = {
			isa = PBXSourcesBuildPhase;
			buildActionMask = 2147483647;
			files = (
				AC76EF1822D24E7900027FE6 /* DiagnosticInfo.swift in Sources */,
				AC76EF1422D24E7900027FE6 /* DiagnosticResultsTableView.swift in Sources */,
				AC1E5DFD22B8CCEE00B7E09D /* EnterCodeVC.swift in Sources */,
				AC1E5E0322B8CCEE00B7E09D /* NotificationNames.swift in Sources */,
				ACE5480822C108FC009BD2FB /* ChatHeaderVIew.swift in Sources */,
				AC1E5E0B22B8CCEE00B7E09D /* NotificationManager.swift in Sources */,
				AC1E5E0622B8CCEE00B7E09D /* MainTabBarController.swift in Sources */,
				AC1E5DFC22B8CCEE00B7E09D /* RegistrationCodeVCTFDelegate.swift in Sources */,
				AC1E5E0222B8CCEE00B7E09D /* EnterView.swift in Sources */,
				ACE547FC22C108FC009BD2FB /* ChatService.swift in Sources */,
				ACE547FD22C108FC009BD2FB /* Message.swift in Sources */,
				AC76EF0E22D24E7900027FE6 /* Exercise.swift in Sources */,
				AC1E5E1922B8D01800B7E09D /* SimpleGradientView.swift in Sources */,
				AC76EF1122D24E7900027FE6 /* ExercisesCell.swift in Sources */,
				AC626D5122BCDDC2003ED8BD /* ProfileHeaderView.swift in Sources */,
				ACE5480022C108FC009BD2FB /* ChatTableviewDelegate.swift in Sources */,
				AC1E5E0822B8CCEE00B7E09D /* ApiInfo.swift in Sources */,
				AC1E5E2222B8D5D600B7E09D /* PatientsVC.swift in Sources */,
				AC1E5DFF22B8CCEE00B7E09D /* EnterCodeTFDelegate.swift in Sources */,
				AC76EF1922D24E7900027FE6 /* DiagnosticService.swift in Sources */,
				ACE547FE22C108FC009BD2FB /* Sender.swift in Sources */,
				AC76EF1222D24E7900027FE6 /* ViewPlay.swift in Sources */,
				ACE5480322C108FC009BD2FB /* PenPalMessageCell.swift in Sources */,
				AC1E5E0522B8CCEE00B7E09D /* OpeningChatVC.swift in Sources */,
				AC1E5E2722B8D69200B7E09D /* GradientLayerExtension.swift in Sources */,
				ACE547B622C0D1D6009BD2FB /* PatientsListService.swift in Sources */,
				AC1E5E0922B8CCEE00B7E09D /* EnterService.swift in Sources */,
				AC76EF0D22D24E7900027FE6 /* GetExercisesService.swift in Sources */,
				AC1E5E0722B8CCEE00B7E09D /* Gradient.swift in Sources */,
				AC76EF1722D24E7900027FE6 /* ViewGradientHeader.swift in Sources */,
				AC76EF1F22D251EA00027FE6 /* DiagnosticItemVC.swift in Sources */,
				AC1E5E3F22B8DD0D00B7E09D /* PatientItem.swift in Sources */,
				AC626D5622BCDE8C003ED8BD /* ImageViewExtension.swift in Sources */,
				AC1E5E0022B8CCEE00B7E09D /* RegistrationView.swift in Sources */,
				AC76EF1322D24E7900027FE6 /* DiagnosticResultsCell.swift in Sources */,
				AC1E5DCA22B8CC4A00B7E09D /* AppDelegate.swift in Sources */,
				AC1E5E0C22B8CCEE00B7E09D /* RegistrationService.swift in Sources */,
				AC1E5E3C22B8DC9E00B7E09D /* PatientsTableview.swift in Sources */,
				AC1E5E0A22B8CCEE00B7E09D /* Colors.swift in Sources */,
				AC1E5E2422B8D64400B7E09D /* GradientNavigationBar.swift in Sources */,
				ACE5480422C108FC009BD2FB /* PenPalImageCell.swift in Sources */,
				AC1E5DF922B8CCEE00B7E09D /* WaveGradientView.swift in Sources */,
				AC76EF1022D24E7900027FE6 /* ExcercisesTableVIew.swift in Sources */,
				AC1E5DFB22B8CCEE00B7E09D /* RegistrationCodeVC.swift in Sources */,
				ACE5480222C108FC009BD2FB /* ChatTFDelegate.swift in Sources */,
				AC76EF0F22D24E7900027FE6 /* ExcercisesVC.swift in Sources */,
				AC76EF1522D24E7900027FE6 /* DiagnosticResultsVC.swift in Sources */,
				ACE547FF22C108FC009BD2FB /* MessageContentType.swift in Sources */,
				ACE5480722C108FC009BD2FB /* MessageLabel.swift in Sources */,
				ACE547FB22C108FC009BD2FB /* MessageHistoryService.swift in Sources */,
				ACE547E022C0DA16009BD2FB /* ChatImageVC.swift in Sources */,
				AC1E5E0122B8CCEE00B7E09D /* RegistrationTFDelegate.swift in Sources */,
				AC008DE522EA53CE0071AD20 /* AddDeleteButton.swift in Sources */,
				AC1E5E1622B8CF3F00B7E09D /* EnterTFDelegate.swift in Sources */,
				AC626D4F22BCDD85003ED8BD /* ProfileVC.swift in Sources */,
				AC76EF1622D24E7900027FE6 /* DiagnosticConclusionCell.swift in Sources */,
				ACE5480622C108FC009BD2FB /* UserMessageCell.swift in Sources */,
				ACE5480122C108FC009BD2FB /* ChatVC.swift in Sources */,
				ACE5480522C108FC009BD2FB /* UserImageCell.swift in Sources */,
				AC1E5DFA22B8CCEE00B7E09D /* ButtonGradient.swift in Sources */,
				AC1E5DFE22B8CCEE00B7E09D /* ForgotPasswordService.swift in Sources */,
				AC1E5E0422B8CCEE00B7E09D /* ViewUnderTextFields.swift in Sources */,
				AC76EF1E22D251EA00027FE6 /* BackboneVC.swift in Sources */,
				AC1E5E4122B8DDDA00B7E09D /* PatientItemCell.swift in Sources */,
				AC1E5E0D22B8CCEE00B7E09D /* TokenService.swift in Sources */,
			);
			runOnlyForDeploymentPostprocessing = 0;
		};
/* End PBXSourcesBuildPhase section */

/* Begin PBXVariantGroup section */
		AC1E5DD222B8CC4B00B7E09D /* LaunchScreen.storyboard */ = {
			isa = PBXVariantGroup;
			children = (
				AC1E5DD322B8CC4B00B7E09D /* Base */,
			);
			name = LaunchScreen.storyboard;
			sourceTree = "<group>";
		};
/* End PBXVariantGroup section */

/* Begin XCBuildConfiguration section */
		AC1E5DD622B8CC4B00B7E09D /* Debug */ = {
			isa = XCBuildConfiguration;
			buildSettings = {
				ALWAYS_SEARCH_USER_PATHS = NO;
				CLANG_ANALYZER_NONNULL = YES;
				CLANG_ANALYZER_NUMBER_OBJECT_CONVERSION = YES_AGGRESSIVE;
				CLANG_CXX_LANGUAGE_STANDARD = "gnu++14";
				CLANG_CXX_LIBRARY = "libc++";
				CLANG_ENABLE_MODULES = YES;
				CLANG_ENABLE_OBJC_ARC = YES;
				CLANG_ENABLE_OBJC_WEAK = YES;
				CLANG_WARN_BLOCK_CAPTURE_AUTORELEASING = YES;
				CLANG_WARN_BOOL_CONVERSION = YES;
				CLANG_WARN_COMMA = YES;
				CLANG_WARN_CONSTANT_CONVERSION = YES;
				CLANG_WARN_DEPRECATED_OBJC_IMPLEMENTATIONS = YES;
				CLANG_WARN_DIRECT_OBJC_ISA_USAGE = YES_ERROR;
				CLANG_WARN_DOCUMENTATION_COMMENTS = YES;
				CLANG_WARN_EMPTY_BODY = YES;
				CLANG_WARN_ENUM_CONVERSION = YES;
				CLANG_WARN_INFINITE_RECURSION = YES;
				CLANG_WARN_INT_CONVERSION = YES;
				CLANG_WARN_NON_LITERAL_NULL_CONVERSION = YES;
				CLANG_WARN_OBJC_IMPLICIT_RETAIN_SELF = YES;
				CLANG_WARN_OBJC_LITERAL_CONVERSION = YES;
				CLANG_WARN_OBJC_ROOT_CLASS = YES_ERROR;
				CLANG_WARN_RANGE_LOOP_ANALYSIS = YES;
				CLANG_WARN_STRICT_PROTOTYPES = YES;
				CLANG_WARN_SUSPICIOUS_MOVE = YES;
				CLANG_WARN_UNGUARDED_AVAILABILITY = YES_AGGRESSIVE;
				CLANG_WARN_UNREACHABLE_CODE = YES;
				CLANG_WARN__DUPLICATE_METHOD_MATCH = YES;
				CODE_SIGN_IDENTITY = "iPhone Developer";
				COPY_PHASE_STRIP = NO;
				DEBUG_INFORMATION_FORMAT = dwarf;
				ENABLE_STRICT_OBJC_MSGSEND = YES;
				ENABLE_TESTABILITY = YES;
				GCC_C_LANGUAGE_STANDARD = gnu11;
				GCC_DYNAMIC_NO_PIC = NO;
				GCC_NO_COMMON_BLOCKS = YES;
				GCC_OPTIMIZATION_LEVEL = 0;
				GCC_PREPROCESSOR_DEFINITIONS = (
					"DEBUG=1",
					"$(inherited)",
				);
				GCC_WARN_64_TO_32_BIT_CONVERSION = YES;
				GCC_WARN_ABOUT_RETURN_TYPE = YES_ERROR;
				GCC_WARN_UNDECLARED_SELECTOR = YES;
				GCC_WARN_UNINITIALIZED_AUTOS = YES_AGGRESSIVE;
				GCC_WARN_UNUSED_FUNCTION = YES;
				GCC_WARN_UNUSED_VARIABLE = YES;
				IPHONEOS_DEPLOYMENT_TARGET = 12.2;
				MTL_ENABLE_DEBUG_INFO = INCLUDE_SOURCE;
				MTL_FAST_MATH = YES;
				ONLY_ACTIVE_ARCH = YES;
				SDKROOT = iphoneos;
				SWIFT_ACTIVE_COMPILATION_CONDITIONS = DEBUG;
				SWIFT_OPTIMIZATION_LEVEL = "-Onone";
			};
			name = Debug;
		};
		AC1E5DD722B8CC4B00B7E09D /* Release */ = {
			isa = XCBuildConfiguration;
			buildSettings = {
				ALWAYS_SEARCH_USER_PATHS = NO;
				CLANG_ANALYZER_NONNULL = YES;
				CLANG_ANALYZER_NUMBER_OBJECT_CONVERSION = YES_AGGRESSIVE;
				CLANG_CXX_LANGUAGE_STANDARD = "gnu++14";
				CLANG_CXX_LIBRARY = "libc++";
				CLANG_ENABLE_MODULES = YES;
				CLANG_ENABLE_OBJC_ARC = YES;
				CLANG_ENABLE_OBJC_WEAK = YES;
				CLANG_WARN_BLOCK_CAPTURE_AUTORELEASING = YES;
				CLANG_WARN_BOOL_CONVERSION = YES;
				CLANG_WARN_COMMA = YES;
				CLANG_WARN_CONSTANT_CONVERSION = YES;
				CLANG_WARN_DEPRECATED_OBJC_IMPLEMENTATIONS = YES;
				CLANG_WARN_DIRECT_OBJC_ISA_USAGE = YES_ERROR;
				CLANG_WARN_DOCUMENTATION_COMMENTS = YES;
				CLANG_WARN_EMPTY_BODY = YES;
				CLANG_WARN_ENUM_CONVERSION = YES;
				CLANG_WARN_INFINITE_RECURSION = YES;
				CLANG_WARN_INT_CONVERSION = YES;
				CLANG_WARN_NON_LITERAL_NULL_CONVERSION = YES;
				CLANG_WARN_OBJC_IMPLICIT_RETAIN_SELF = YES;
				CLANG_WARN_OBJC_LITERAL_CONVERSION = YES;
				CLANG_WARN_OBJC_ROOT_CLASS = YES_ERROR;
				CLANG_WARN_RANGE_LOOP_ANALYSIS = YES;
				CLANG_WARN_STRICT_PROTOTYPES = YES;
				CLANG_WARN_SUSPICIOUS_MOVE = YES;
				CLANG_WARN_UNGUARDED_AVAILABILITY = YES_AGGRESSIVE;
				CLANG_WARN_UNREACHABLE_CODE = YES;
				CLANG_WARN__DUPLICATE_METHOD_MATCH = YES;
				CODE_SIGN_IDENTITY = "iPhone Developer";
				COPY_PHASE_STRIP = NO;
				DEBUG_INFORMATION_FORMAT = "dwarf-with-dsym";
				ENABLE_NS_ASSERTIONS = NO;
				ENABLE_STRICT_OBJC_MSGSEND = YES;
				GCC_C_LANGUAGE_STANDARD = gnu11;
				GCC_NO_COMMON_BLOCKS = YES;
				GCC_WARN_64_TO_32_BIT_CONVERSION = YES;
				GCC_WARN_ABOUT_RETURN_TYPE = YES_ERROR;
				GCC_WARN_UNDECLARED_SELECTOR = YES;
				GCC_WARN_UNINITIALIZED_AUTOS = YES_AGGRESSIVE;
				GCC_WARN_UNUSED_FUNCTION = YES;
				GCC_WARN_UNUSED_VARIABLE = YES;
				IPHONEOS_DEPLOYMENT_TARGET = 12.2;
				MTL_ENABLE_DEBUG_INFO = NO;
				MTL_FAST_MATH = YES;
				SDKROOT = iphoneos;
				SWIFT_COMPILATION_MODE = wholemodule;
				SWIFT_OPTIMIZATION_LEVEL = "-O";
				VALIDATE_PRODUCT = YES;
			};
			name = Release;
		};
		AC1E5DD922B8CC4B00B7E09D /* Debug */ = {
			isa = XCBuildConfiguration;
			baseConfigurationReference = 8999227EB26D818EFE3C03B0 /* Pods-MedicTerapevtNew.debug.xcconfig */;
			buildSettings = {
				ASSETCATALOG_COMPILER_APPICON_NAME = AppIcon;
				CODE_SIGN_STYLE = Automatic;
				DEVELOPMENT_TEAM = 89WB9E7UEU;
				INFOPLIST_FILE = MedicTerapevtNew/Info.plist;
				IPHONEOS_DEPLOYMENT_TARGET = 10.0;
				LD_RUNPATH_SEARCH_PATHS = (
					"$(inherited)",
					"@executable_path/Frameworks",
				);
				PRODUCT_BUNDLE_IDENTIFIER = com.bitsoev.MedicTerapevtNew;
				PRODUCT_NAME = "$(TARGET_NAME)";
				SWIFT_VERSION = 5.0;
				TARGETED_DEVICE_FAMILY = 1;
			};
			name = Debug;
		};
		AC1E5DDA22B8CC4B00B7E09D /* Release */ = {
			isa = XCBuildConfiguration;
			baseConfigurationReference = 612CAD70381534D3AB4DE93A /* Pods-MedicTerapevtNew.release.xcconfig */;
			buildSettings = {
				ASSETCATALOG_COMPILER_APPICON_NAME = AppIcon;
				CODE_SIGN_STYLE = Automatic;
				DEVELOPMENT_TEAM = 89WB9E7UEU;
				INFOPLIST_FILE = MedicTerapevtNew/Info.plist;
				IPHONEOS_DEPLOYMENT_TARGET = 10.0;
				LD_RUNPATH_SEARCH_PATHS = (
					"$(inherited)",
					"@executable_path/Frameworks",
				);
				PRODUCT_BUNDLE_IDENTIFIER = com.bitsoev.MedicTerapevtNew;
				PRODUCT_NAME = "$(TARGET_NAME)";
				SWIFT_VERSION = 5.0;
				TARGETED_DEVICE_FAMILY = 1;
			};
			name = Release;
		};
/* End XCBuildConfiguration section */

/* Begin XCConfigurationList section */
		AC1E5DC122B8CC4A00B7E09D /* Build configuration list for PBXProject "MedicTerapevtNew" */ = {
			isa = XCConfigurationList;
			buildConfigurations = (
				AC1E5DD622B8CC4B00B7E09D /* Debug */,
				AC1E5DD722B8CC4B00B7E09D /* Release */,
			);
			defaultConfigurationIsVisible = 0;
			defaultConfigurationName = Release;
		};
		AC1E5DD822B8CC4B00B7E09D /* Build configuration list for PBXNativeTarget "MedicTerapevtNew" */ = {
			isa = XCConfigurationList;
			buildConfigurations = (
				AC1E5DD922B8CC4B00B7E09D /* Debug */,
				AC1E5DDA22B8CC4B00B7E09D /* Release */,
			);
			defaultConfigurationIsVisible = 0;
			defaultConfigurationName = Release;
		};
/* End XCConfigurationList section */
	};
	rootObject = AC1E5DBE22B8CC4A00B7E09D /* Project object */;
}
